
Microsoft Visual Studio Solution File, Format Version 12.00
# Visual Studio Version 16
VisualStudioVersion = 16.0.29806.167
MinimumVisualStudioVersion = 10.0.40219.1
Project("{9A19103F-16F7-4668-BE54-9A1E7A4F7556}") = "EierfarmBl", "EierfarmBl\EierfarmBl.csproj", "{584D7E30-C368-4F30-B3C3-9DAEF0827839}"
EndProject
Project("{FAE04EC0-301F-11D3-BF4B-00C04F79EFBC}") = "EierfarmUi", "EierfarmUi\EierfarmUi.csproj", "{3C09859C-4C05-4AA2-B3DF-14AB7434D358}"
EndProject
Project("{FAE04EC0-301F-11D3-BF4B-00C04F79EFBC}") = "EierfarmBlNet48", "EierfarmBlNet48\EierfarmBlNet48.csproj", "{4363503E-22EE-4D0F-8CE9-6AEB78E03CFA}"
EndProject
Global
	GlobalSection(SolutionConfigurationPlatforms) = preSolution
		Debug|Any CPU = Debug|Any CPU
		Release|Any CPU = Release|Any CPU
	EndGlobalSection
	GlobalSection(ProjectConfigurationPlatforms) = postSolution
		{584D7E30-C368-4F30-B3C3-9DAEF0827839}.Debug|Any CPU.ActiveCfg = Debug|Any CPU
		{584D7E30-C368-4F30-B3C3-9DAEF0827839}.Debug|Any CPU.Build.0 = Debug|Any CPU
		{584D7E30-C368-4F30-B3C3-9DAEF0827839}.Release|Any CPU.ActiveCfg = Release|Any CPU
		{584D7E30-C368-4F30-B3C3-9DAEF0827839}.Release|Any CPU.Build.0 = Release|Any CPU
		{3C09859C-4C05-4AA2-B3DF-14AB7434D358}.Debug|Any CPU.ActiveCfg = Debug|Any CPU
		{3C09859C-4C05-4AA2-B3DF-14AB7434D358}.Debug|Any CPU.Build.0 = Debug|Any CPU
		{3C09859C-4C05-4AA2-B3DF-14AB7434D358}.Release|Any CPU.ActiveCfg = Release|Any CPU
		{3C09859C-4C05-4AA2-B3DF-14AB7434D358}.Release|Any CPU.Build.0 = Release|Any CPU
		{4363503E-22EE-4D0F-8CE9-6AEB78E03CFA}.Debug|Any CPU.ActiveCfg = Debug|Any CPU
		{4363503E-22EE-4D0F-8CE9-6AEB78E03CFA}.Debug|Any CPU.Build.0 = Debug|Any CPU
		{4363503E-22EE-4D0F-8CE9-6AEB78E03CFA}.Release|Any CPU.ActiveCfg = Release|Any CPU
		{4363503E-22EE-4D0F-8CE9-6AEB78E03CFA}.Release|Any CPU.Build.0 = Release|Any CPU
	EndGlobalSection
	GlobalSection(SolutionProperties) = preSolution
		HideSolutionNode = FALSE
	EndGlobalSection
	GlobalSection(ExtensibilityGlobals) = postSolution
		SolutionGuid = {5A2416B3-7F45-4311-B947-CE6B23D1F433}
	EndGlobalSection
EndGlobal
